
Microsoft Visual Studio Solution File, Format Version 12.00
# Visual Studio 2017
Project("{FAE04EC0-301F-11D3-BF4B-00C04F79EFBC}") = "OnlineDemo", "OnlineDemo.csproj", "{96FF464F-8C43-D346-2A44-42722E4F1A78}"
EndProject
Global
	GlobalSection(SolutionConfigurationPlatforms) = preSolution
		Debug|Any CPU = Debug|Any CPU
		Release|Any CPU = Release|Any CPU
	EndGlobalSection
	GlobalSection(ProjectConfigurationPlatforms) = postSolution
		{96FF464F-8C43-D346-2A44-42722E4F1A78}.Debug|Any CPU.ActiveCfg = Debug|Any CPU
		{96FF464F-8C43-D346-2A44-42722E4F1A78}.Debug|Any CPU.Build.0 = Debug|Any CPU
		{96FF464F-8C43-D346-2A44-42722E4F1A78}.Release|Any CPU.ActiveCfg = Release|Any CPU
		{96FF464F-8C43-D346-2A44-42722E4F1A78}.Release|Any CPU.Build.0 = Release|Any CPU
	EndGlobalSection
	GlobalSection(SolutionProperties) = preSolution
		HideSolutionNode = FALSE
	EndGlobalSection
EndGlobal
